{
  "name": "NotesServiceClient",
  "lockfileVersion": 3,
  "requires": true,
  "packages": {
    "": {
      "dependencies": {
        "@progress/kendo-ui": "^2023.3.1114",
        "konva": "^9.2.3"
      }
    },
    "node_modules/@progress/kendo-ui": {
      "version": "2023.3.1114",
      "resolved": "https://registry.npmjs.org/@progress/kendo-ui/-/kendo-ui-2023.3.1114.tgz",
      "integrity": "sha512-zgIQw/w/P7A5tePo0slOXag1ym4EfaU4d5xgv1rKMKdtqtlordh8+197/hfVWb+8rstG6kv/R2hXiIOuR5XVnA==",
      "dependencies": {
        "jquery": "1.10.0 - 3.7"
      }
    },
    "node_modules/jquery": {
      "version": "3.7.1",
      "resolved": "https://registry.npmjs.org/jquery/-/jquery-3.7.1.tgz",
      "integrity": "sha512-m4avr8yL8kmFN8psrbFFFmB/If14iN5o9nw/NgnnM+kybDJpRsAynV2BsfpTYrTRysYUdADVD7CkUUizgkpLfg=="
    },
    "node_modules/konva": {
      "version": "9.2.3",
      "resolved": "https://registry.npmjs.org/konva/-/konva-9.2.3.tgz",
      "integrity": "sha512-oQ6VQ6kUL9IlhOGuEKKhxqnv6g/t8jZpVuWahQQ6hCqAsO8Ydi1zFGv7ef4EOq5GoPNq/d6Fyj/3i5Y/a5NooA==",
      "funding": [
        {
          "type": "patreon",
          "url": "https://www.patreon.com/lavrton"
        },
        {
          "type": "opencollective",
          "url": "https://opencollective.com/konva"
        },
        {
          "type": "github",
          "url": "https://github.com/sponsors/lavrton"
        }
      ]
    }
  }
}
